
Microsoft Visual Studio Solution File, Format Version 12.00
# Visual Studio 2013
VisualStudioVersion = 12.0.31101.0
MinimumVisualStudioVersion = 10.0.40219.1
Project("{8BC9CEB8-8B4A-11D0-8D11-00A0C91BC942}") = "ASM_exp", "ASM_exp\ASM_exp.vcxproj", "{2C46F58C-4AC5-49BF-9F49-9367603EBBC3}"
EndProject
Project("{8BC9CEB8-8B4A-11D0-8D11-00A0C91BC942}") = "Sort1", "Sort1\Sort1.vcxproj", "{F24CA759-D73F-4B03-8CD2-429BACB36CE4}"
EndProject
Project("{8BC9CEB8-8B4A-11D0-8D11-00A0C91BC942}") = "Sort2", "Sort2\Sort2.vcxproj", "{2EA76EF7-6132-44B6-85C6-C073549CA749}"
EndProject
Project("{8BC9CEB8-8B4A-11D0-8D11-00A0C91BC942}") = "Sort3", "Sort3\Sort3.vcxproj", "{7D5D620B-7D06-4EA6-9525-EAD079EF1F70}"
EndProject
Project("{8BC9CEB8-8B4A-11D0-8D11-00A0C91BC942}") = "Sort1_2", "Sort1_2\Sort1_2.vcxproj", "{FE82EC6E-5C66-45C6-A1CB-159B76810D60}"
EndProject
Project("{8BC9CEB8-8B4A-11D0-8D11-00A0C91BC942}") = "Sort4", "Sort4\Sort4.vcxproj", "{0055A91F-E5B9-4E0E-BF34-CAD74E428FA3}"
EndProject
Project("{8BC9CEB8-8B4A-11D0-8D11-00A0C91BC942}") = "Sort5", "Sort5\Sort5.vcxproj", "{869C9191-2071-4BF7-90E3-66266231AB0D}"
EndProject
Project("{8BC9CEB8-8B4A-11D0-8D11-00A0C91BC942}") = "Buffer1", "Buffer1\Buffer1.vcxproj", "{316E8C6F-BF61-40F3-9D0D-102E5567F8FF}"
EndProject
Project("{8BC9CEB8-8B4A-11D0-8D11-00A0C91BC942}") = "Buffer1_2_m", "Buffer1_2\Buffer1_2.vcxproj", "{ACFC209F-A5F8-486C-AB23-094E6B527096}"
EndProject
Project("{8BC9CEB8-8B4A-11D0-8D11-00A0C91BC942}") = "Buffer1_2_p", "Buffer1_2_p\Buffer1_2_p.vcxproj", "{0B2BE52B-964F-407E-BD63-4C17B765B7AA}"
EndProject
Project("{8BC9CEB8-8B4A-11D0-8D11-00A0C91BC942}") = "Buffer2", "Buffer2\Buffer2.vcxproj", "{3777EB8F-8B60-433E-82E8-22DA24026CFA}"
EndProject
Project("{8BC9CEB8-8B4A-11D0-8D11-00A0C91BC942}") = "Buffer3_1", "Buffer3_1\Buffer3_1.vcxproj", "{45586B0D-C3FA-44DF-B69D-FE521E00E9A9}"
EndProject
Project("{8BC9CEB8-8B4A-11D0-8D11-00A0C91BC942}") = "Bufferm", "Bufferm\Bufferm.vcxproj", "{9C6BF155-29C8-45C0-8979-CD18FA7C17BD}"
EndProject
Project("{8BC9CEB8-8B4A-11D0-8D11-00A0C91BC942}") = "Fib", "Fib\Fib.vcxproj", "{570D3D0F-F64E-4962-BA4D-87F9B470559C}"
EndProject
Project("{8BC9CEB8-8B4A-11D0-8D11-00A0C91BC942}") = "END", "END\END.vcxproj", "{CF319442-8976-46F3-A4C8-595991293505}"
EndProject
Global
	GlobalSection(SolutionConfigurationPlatforms) = preSolution
		Debug|Win32 = Debug|Win32
		Release|Win32 = Release|Win32
	EndGlobalSection
	GlobalSection(ProjectConfigurationPlatforms) = postSolution
		{2C46F58C-4AC5-49BF-9F49-9367603EBBC3}.Debug|Win32.ActiveCfg = Debug|Win32
		{2C46F58C-4AC5-49BF-9F49-9367603EBBC3}.Debug|Win32.Build.0 = Debug|Win32
		{2C46F58C-4AC5-49BF-9F49-9367603EBBC3}.Release|Win32.ActiveCfg = Release|Win32
		{2C46F58C-4AC5-49BF-9F49-9367603EBBC3}.Release|Win32.Build.0 = Release|Win32
		{F24CA759-D73F-4B03-8CD2-429BACB36CE4}.Debug|Win32.ActiveCfg = Debug|Win32
		{F24CA759-D73F-4B03-8CD2-429BACB36CE4}.Debug|Win32.Build.0 = Debug|Win32
		{F24CA759-D73F-4B03-8CD2-429BACB36CE4}.Release|Win32.ActiveCfg = Release|Win32
		{F24CA759-D73F-4B03-8CD2-429BACB36CE4}.Release|Win32.Build.0 = Release|Win32
		{2EA76EF7-6132-44B6-85C6-C073549CA749}.Debug|Win32.ActiveCfg = Debug|Win32
		{2EA76EF7-6132-44B6-85C6-C073549CA749}.Debug|Win32.Build.0 = Debug|Win32
		{2EA76EF7-6132-44B6-85C6-C073549CA749}.Release|Win32.ActiveCfg = Release|Win32
		{2EA76EF7-6132-44B6-85C6-C073549CA749}.Release|Win32.Build.0 = Release|Win32
		{7D5D620B-7D06-4EA6-9525-EAD079EF1F70}.Debug|Win32.ActiveCfg = Debug|Win32
		{7D5D620B-7D06-4EA6-9525-EAD079EF1F70}.Debug|Win32.Build.0 = Debug|Win32
		{7D5D620B-7D06-4EA6-9525-EAD079EF1F70}.Release|Win32.ActiveCfg = Release|Win32
		{7D5D620B-7D06-4EA6-9525-EAD079EF1F70}.Release|Win32.Build.0 = Release|Win32
		{FE82EC6E-5C66-45C6-A1CB-159B76810D60}.Debug|Win32.ActiveCfg = Debug|Win32
		{FE82EC6E-5C66-45C6-A1CB-159B76810D60}.Debug|Win32.Build.0 = Debug|Win32
		{FE82EC6E-5C66-45C6-A1CB-159B76810D60}.Release|Win32.ActiveCfg = Release|Win32
		{FE82EC6E-5C66-45C6-A1CB-159B76810D60}.Release|Win32.Build.0 = Release|Win32
		{0055A91F-E5B9-4E0E-BF34-CAD74E428FA3}.Debug|Win32.ActiveCfg = Debug|Win32
		{0055A91F-E5B9-4E0E-BF34-CAD74E428FA3}.Debug|Win32.Build.0 = Debug|Win32
		{0055A91F-E5B9-4E0E-BF34-CAD74E428FA3}.Release|Win32.ActiveCfg = Release|Win32
		{0055A91F-E5B9-4E0E-BF34-CAD74E428FA3}.Release|Win32.Build.0 = Release|Win32
		{869C9191-2071-4BF7-90E3-66266231AB0D}.Debug|Win32.ActiveCfg = Debug|Win32
		{869C9191-2071-4BF7-90E3-66266231AB0D}.Debug|Win32.Build.0 = Debug|Win32
		{869C9191-2071-4BF7-90E3-66266231AB0D}.Release|Win32.ActiveCfg = Release|Win32
		{869C9191-2071-4BF7-90E3-66266231AB0D}.Release|Win32.Build.0 = Release|Win32
		{316E8C6F-BF61-40F3-9D0D-102E5567F8FF}.Debug|Win32.ActiveCfg = Debug|Win32
		{316E8C6F-BF61-40F3-9D0D-102E5567F8FF}.Debug|Win32.Build.0 = Debug|Win32
		{316E8C6F-BF61-40F3-9D0D-102E5567F8FF}.Release|Win32.ActiveCfg = Release|Win32
		{316E8C6F-BF61-40F3-9D0D-102E5567F8FF}.Release|Win32.Build.0 = Release|Win32
		{ACFC209F-A5F8-486C-AB23-094E6B527096}.Debug|Win32.ActiveCfg = Debug|Win32
		{ACFC209F-A5F8-486C-AB23-094E6B527096}.Debug|Win32.Build.0 = Debug|Win32
		{ACFC209F-A5F8-486C-AB23-094E6B527096}.Release|Win32.ActiveCfg = Release|Win32
		{ACFC209F-A5F8-486C-AB23-094E6B527096}.Release|Win32.Build.0 = Release|Win32
		{0B2BE52B-964F-407E-BD63-4C17B765B7AA}.Debug|Win32.ActiveCfg = Debug|Win32
		{0B2BE52B-964F-407E-BD63-4C17B765B7AA}.Debug|Win32.Build.0 = Debug|Win32
		{0B2BE52B-964F-407E-BD63-4C17B765B7AA}.Release|Win32.ActiveCfg = Release|Win32
		{0B2BE52B-964F-407E-BD63-4C17B765B7AA}.Release|Win32.Build.0 = Release|Win32
		{3777EB8F-8B60-433E-82E8-22DA24026CFA}.Debug|Win32.ActiveCfg = Debug|Win32
		{3777EB8F-8B60-433E-82E8-22DA24026CFA}.Debug|Win32.Build.0 = Debug|Win32
		{3777EB8F-8B60-433E-82E8-22DA24026CFA}.Release|Win32.ActiveCfg = Release|Win32
		{3777EB8F-8B60-433E-82E8-22DA24026CFA}.Release|Win32.Build.0 = Release|Win32
		{45586B0D-C3FA-44DF-B69D-FE521E00E9A9}.Debug|Win32.ActiveCfg = Debug|Win32
		{45586B0D-C3FA-44DF-B69D-FE521E00E9A9}.Debug|Win32.Build.0 = Debug|Win32
		{45586B0D-C3FA-44DF-B69D-FE521E00E9A9}.Release|Win32.ActiveCfg = Release|Win32
		{45586B0D-C3FA-44DF-B69D-FE521E00E9A9}.Release|Win32.Build.0 = Release|Win32
		{9C6BF155-29C8-45C0-8979-CD18FA7C17BD}.Debug|Win32.ActiveCfg = Debug|Win32
		{9C6BF155-29C8-45C0-8979-CD18FA7C17BD}.Debug|Win32.Build.0 = Debug|Win32
		{9C6BF155-29C8-45C0-8979-CD18FA7C17BD}.Release|Win32.ActiveCfg = Release|Win32
		{9C6BF155-29C8-45C0-8979-CD18FA7C17BD}.Release|Win32.Build.0 = Release|Win32
		{570D3D0F-F64E-4962-BA4D-87F9B470559C}.Debug|Win32.ActiveCfg = Debug|Win32
		{570D3D0F-F64E-4962-BA4D-87F9B470559C}.Debug|Win32.Build.0 = Debug|Win32
		{570D3D0F-F64E-4962-BA4D-87F9B470559C}.Release|Win32.ActiveCfg = Release|Win32
		{570D3D0F-F64E-4962-BA4D-87F9B470559C}.Release|Win32.Build.0 = Release|Win32
		{CF319442-8976-46F3-A4C8-595991293505}.Debug|Win32.ActiveCfg = Debug|Win32
		{CF319442-8976-46F3-A4C8-595991293505}.Debug|Win32.Build.0 = Debug|Win32
		{CF319442-8976-46F3-A4C8-595991293505}.Release|Win32.ActiveCfg = Release|Win32
		{CF319442-8976-46F3-A4C8-595991293505}.Release|Win32.Build.0 = Release|Win32
	EndGlobalSection
	GlobalSection(SolutionProperties) = preSolution
		HideSolutionNode = FALSE
	EndGlobalSection
EndGlobal
